Microsoft Visual Studio Solution File, Format Version 12.00
# Visual Studio Version 17
VisualStudioVersion = 17.5.2.0
MinimumVisualStudioVersion = 10.0.40219.1
Project("{2150E333-8FDC-42A3-9474-1A3956D46DE8}") = "Training Assesment", "Training Assesment", "{6E89FC28-BB45-C9BA-C483-389A933F23CA}"
EndProject
Project("{2150E333-8FDC-42A3-9474-1A3956D46DE8}") = "Day 4", "Day 4", "{D06DAAA7-75BB-7B26-99A0-CF50BC3491AE}"
EndProject
Project("{FAE04EC0-301F-11D3-BF4B-00C04F79EFBC}") = "MVCWebApp", "Training Assesment\Day 4\MVCWebApp.csproj", "{1A8355E1-2C45-04AA-3D5C-3C9DC3AD313B}"
EndProject
Project("{2150E333-8FDC-42A3-9474-1A3956D46DE8}") = "DAY5", "DAY5", "{6494586D-1133-1976-F1A4-605EC67F61F5}"
EndProject
Project("{2150E333-8FDC-42A3-9474-1A3956D46DE8}") = "FrameWorkApp", "FrameWorkApp", "{C58B0A99-6EE5-2E8F-F97D-EBF2613EF1A0}"
EndProject
Project("{FAE04EC0-301F-11D3-BF4B-00C04F79EFBC}") = "GreetingApp", "Training Assesment\DAY5\FrameWorkApp\GreetingApp.csproj", "{6584F881-F0C4-DF51-7DB3-0D2DF0FE8B92}"
EndProject
Project("{FAE04EC0-301F-11D3-BF4B-00C04F79EFBC}") = "GreetingLibrary", "Training Assesment\DAY5\GreetingLibrary\GreetingLibrary.csproj", "{784B52B0-0454-2785-BBC2-F1801ECAC141}"
EndProject
Global
	GlobalSection(SolutionConfigurationPlatforms) = preSolution
		Debug|Any CPU = Debug|Any CPU
		Release|Any CPU = Release|Any CPU
	EndGlobalSection
	GlobalSection(ProjectConfigurationPlatforms) = postSolution
		{1A8355E1-2C45-04AA-3D5C-3C9DC3AD313B}.Debug|Any CPU.ActiveCfg = Debug|Any CPU
		{1A8355E1-2C45-04AA-3D5C-3C9DC3AD313B}.Debug|Any CPU.Build.0 = Debug|Any CPU
		{1A8355E1-2C45-04AA-3D5C-3C9DC3AD313B}.Release|Any CPU.ActiveCfg = Release|Any CPU
		{1A8355E1-2C45-04AA-3D5C-3C9DC3AD313B}.Release|Any CPU.Build.0 = Release|Any CPU
		{6584F881-F0C4-DF51-7DB3-0D2DF0FE8B92}.Debug|Any CPU.ActiveCfg = Debug|Any CPU
		{6584F881-F0C4-DF51-7DB3-0D2DF0FE8B92}.Debug|Any CPU.Build.0 = Debug|Any CPU
		{6584F881-F0C4-DF51-7DB3-0D2DF0FE8B92}.Release|Any CPU.ActiveCfg = Release|Any CPU
		{6584F881-F0C4-DF51-7DB3-0D2DF0FE8B92}.Release|Any CPU.Build.0 = Release|Any CPU
		{784B52B0-0454-2785-BBC2-F1801ECAC141}.Debug|Any CPU.ActiveCfg = Debug|Any CPU
		{784B52B0-0454-2785-BBC2-F1801ECAC141}.Debug|Any CPU.Build.0 = Debug|Any CPU
		{784B52B0-0454-2785-BBC2-F1801ECAC141}.Release|Any CPU.ActiveCfg = Release|Any CPU
		{784B52B0-0454-2785-BBC2-F1801ECAC141}.Release|Any CPU.Build.0 = Release|Any CPU
	EndGlobalSection
	GlobalSection(SolutionProperties) = preSolution
		HideSolutionNode = FALSE
	EndGlobalSection
	GlobalSection(NestedProjects) = preSolution
		{D06DAAA7-75BB-7B26-99A0-CF50BC3491AE} = {6E89FC28-BB45-C9BA-C483-389A933F23CA}
		{1A8355E1-2C45-04AA-3D5C-3C9DC3AD313B} = {D06DAAA7-75BB-7B26-99A0-CF50BC3491AE}
		{6494586D-1133-1976-F1A4-605EC67F61F5} = {6E89FC28-BB45-C9BA-C483-389A933F23CA}
		{C58B0A99-6EE5-2E8F-F97D-EBF2613EF1A0} = {6494586D-1133-1976-F1A4-605EC67F61F5}
		{6584F881-F0C4-DF51-7DB3-0D2DF0FE8B92} = {C58B0A99-6EE5-2E8F-F97D-EBF2613EF1A0}
		{784B52B0-0454-2785-BBC2-F1801ECAC141} = {6494586D-1133-1976-F1A4-605EC67F61F5}
	EndGlobalSection
	GlobalSection(ExtensibilityGlobals) = postSolution
		SolutionGuid = {62BA0C6B-C553-4928-A372-47DCA533D529}
	EndGlobalSection
EndGlobal
